
Microsoft Visual Studio Solution File, Format Version 11.00
# Visual Studio 2010
Project("{8BC9CEB8-8B4A-11D0-8D11-00A0C91BC942}") = "FFmpegCppWrapper", "FFmpegCppWrapper\FFmpegCppWrapper.vcxproj", "{B4DF75D6-1055-4C06-A398-97AFD763F1C0}"
EndProject
Project("{8BC9CEB8-8B4A-11D0-8D11-00A0C91BC942}") = "WrapperTestCpp", "WrapperTestCpp\test.vcxproj", "{2844A0D8-FD9D-410E-86B1-ADE557F63843}"
EndProject
Project("{FAE04EC0-301F-11D3-BF4B-00C04F79EFBC}") = "WrapperTestCs", "WrapperTestCs\WrapperTestCs.csproj", "{76497570-56F0-4735-8A2B-0190D3A987FC}"
EndProject
Global
	GlobalSection(SolutionConfigurationPlatforms) = preSolution
		Debug|Any CPU = Debug|Any CPU
		Debug|Mixed Platforms = Debug|Mixed Platforms
		Debug|Win32 = Debug|Win32
		Debug|x64 = Debug|x64
		Debug|x86 = Debug|x86
		Release|Any CPU = Release|Any CPU
		Release|Mixed Platforms = Release|Mixed Platforms
		Release|Win32 = Release|Win32
		Release|x64 = Release|x64
		Release|x86 = Release|x86
	EndGlobalSection
	GlobalSection(ProjectConfigurationPlatforms) = postSolution
		{B4DF75D6-1055-4C06-A398-97AFD763F1C0}.Debug|Any CPU.ActiveCfg = Debug|Win32
		{B4DF75D6-1055-4C06-A398-97AFD763F1C0}.Debug|Mixed Platforms.ActiveCfg = Debug|Win32
		{B4DF75D6-1055-4C06-A398-97AFD763F1C0}.Debug|Mixed Platforms.Build.0 = Debug|Win32
		{B4DF75D6-1055-4C06-A398-97AFD763F1C0}.Debug|Win32.ActiveCfg = Debug|Win32
		{B4DF75D6-1055-4C06-A398-97AFD763F1C0}.Debug|Win32.Build.0 = Debug|Win32
		{B4DF75D6-1055-4C06-A398-97AFD763F1C0}.Debug|x64.ActiveCfg = Debug|x64
		{B4DF75D6-1055-4C06-A398-97AFD763F1C0}.Debug|x64.Build.0 = Debug|x64
		{B4DF75D6-1055-4C06-A398-97AFD763F1C0}.Debug|x86.ActiveCfg = Debug|Win32
		{B4DF75D6-1055-4C06-A398-97AFD763F1C0}.Release|Any CPU.ActiveCfg = Release|Win32
		{B4DF75D6-1055-4C06-A398-97AFD763F1C0}.Release|Mixed Platforms.ActiveCfg = Release|Win32
		{B4DF75D6-1055-4C06-A398-97AFD763F1C0}.Release|Mixed Platforms.Build.0 = Release|Win32
		{B4DF75D6-1055-4C06-A398-97AFD763F1C0}.Release|Win32.ActiveCfg = Release|Win32
		{B4DF75D6-1055-4C06-A398-97AFD763F1C0}.Release|Win32.Build.0 = Release|Win32
		{B4DF75D6-1055-4C06-A398-97AFD763F1C0}.Release|x64.ActiveCfg = Release|x64
		{B4DF75D6-1055-4C06-A398-97AFD763F1C0}.Release|x64.Build.0 = Release|x64
		{B4DF75D6-1055-4C06-A398-97AFD763F1C0}.Release|x86.ActiveCfg = Release|Win32
		{2844A0D8-FD9D-410E-86B1-ADE557F63843}.Debug|Any CPU.ActiveCfg = Debug|Win32
		{2844A0D8-FD9D-410E-86B1-ADE557F63843}.Debug|Mixed Platforms.ActiveCfg = Debug|Win32
		{2844A0D8-FD9D-410E-86B1-ADE557F63843}.Debug|Mixed Platforms.Build.0 = Debug|Win32
		{2844A0D8-FD9D-410E-86B1-ADE557F63843}.Debug|Win32.ActiveCfg = Debug|Win32
		{2844A0D8-FD9D-410E-86B1-ADE557F63843}.Debug|Win32.Build.0 = Debug|Win32
		{2844A0D8-FD9D-410E-86B1-ADE557F63843}.Debug|x64.ActiveCfg = Debug|Win32
		{2844A0D8-FD9D-410E-86B1-ADE557F63843}.Debug|x86.ActiveCfg = Debug|Win32
		{2844A0D8-FD9D-410E-86B1-ADE557F63843}.Release|Any CPU.ActiveCfg = Release|Win32
		{2844A0D8-FD9D-410E-86B1-ADE557F63843}.Release|Mixed Platforms.ActiveCfg = Release|Win32
		{2844A0D8-FD9D-410E-86B1-ADE557F63843}.Release|Mixed Platforms.Build.0 = Release|Win32
		{2844A0D8-FD9D-410E-86B1-ADE557F63843}.Release|Win32.ActiveCfg = Release|Win32
		{2844A0D8-FD9D-410E-86B1-ADE557F63843}.Release|Win32.Build.0 = Release|Win32
		{2844A0D8-FD9D-410E-86B1-ADE557F63843}.Release|x64.ActiveCfg = Release|Win32
		{2844A0D8-FD9D-410E-86B1-ADE557F63843}.Release|x86.ActiveCfg = Release|Win32
		{76497570-56F0-4735-8A2B-0190D3A987FC}.Debug|Any CPU.ActiveCfg = Debug|x86
		{76497570-56F0-4735-8A2B-0190D3A987FC}.Debug|Mixed Platforms.ActiveCfg = Debug|x86
		{76497570-56F0-4735-8A2B-0190D3A987FC}.Debug|Mixed Platforms.Build.0 = Debug|x86
		{76497570-56F0-4735-8A2B-0190D3A987FC}.Debug|Win32.ActiveCfg = Debug|x86
		{76497570-56F0-4735-8A2B-0190D3A987FC}.Debug|x64.ActiveCfg = Debug|x86
		{76497570-56F0-4735-8A2B-0190D3A987FC}.Debug|x86.ActiveCfg = Debug|x86
		{76497570-56F0-4735-8A2B-0190D3A987FC}.Debug|x86.Build.0 = Debug|x86
		{76497570-56F0-4735-8A2B-0190D3A987FC}.Release|Any CPU.ActiveCfg = Release|x86
		{76497570-56F0-4735-8A2B-0190D3A987FC}.Release|Mixed Platforms.ActiveCfg = Release|x86
		{76497570-56F0-4735-8A2B-0190D3A987FC}.Release|Mixed Platforms.Build.0 = Release|x86
		{76497570-56F0-4735-8A2B-0190D3A987FC}.Release|Win32.ActiveCfg = Release|x86
		{76497570-56F0-4735-8A2B-0190D3A987FC}.Release|x64.ActiveCfg = Release|x86
		{76497570-56F0-4735-8A2B-0190D3A987FC}.Release|x86.ActiveCfg = Release|x86
		{76497570-56F0-4735-8A2B-0190D3A987FC}.Release|x86.Build.0 = Release|x86
	EndGlobalSection
	GlobalSection(SolutionProperties) = preSolution
		HideSolutionNode = FALSE
	EndGlobalSection
EndGlobal
